{
  "name": "secureframe-ops-browser",
  "version": "file:../../../private/tmp/eight-skills-productize-20261008/secureframe-ops",
  "lockfileVersion": 3,
  "requires": true,
  "packages": {
    "": {
      "name": "secureframe-ops-browser",
      "version": "0.1.0",
      "license": "MIT",
      "dependencies": {
        "graphql": "17.0.2",
        "playwright": "1.64.0"
      },
      "engines": {
        "node": ">=22.20.0"
      }
    },
    "../../../private/private/tmp/eight-skills-productize-20261008/secureframe-ops/node_modules/fsevents": {
      "version": "2.3.2",
      "resolved": "https://registry.npmjs.org/fsevents/-/fsevents-2.3.2.tgz",
      "integrity": "sha512-xiqMQR4xAeHTuB9uWm+fFRcIOgKBMiOBP+eXiyT7jsgVCq1bkVygt00oASowB7EdtpOHaaPgKt812P9ab+DDKA==",
      "extraneous": true,
      "hasInstallScript": true,
      "license": "MIT",
      "os": [
        "darwin"
      ],
      "engines": {
        "node": "^8.16.0 || ^10.6.0 || >=11.0.0"
      }
    },
    "../../../private/private/tmp/eight-skills-productize-20261008/secureframe-ops/node_modules/graphql": {
      "version": "16.11.0",
      "resolved": "https://registry.npmjs.org/graphql/-/graphql-16.11.0.tgz",
      "integrity": "sha512-mS1lbMsxgQj6hge1XZ6p7GPhbrtFwUFYi3wRzXAC/FmYnyXMTvvI3td3rjmQ2u8ewXueaSvRPWaEcgVVOT9Jnw==",
      "extraneous": true,
      "license": "MIT",
      "engines": {
        "node": "^12.22.0 || ^14.16.0 || ^16.0.0 || >=17.0.0"
      }
    },
    "../../../private/private/tmp/eight-skills-productize-20261008/secureframe-ops/node_modules/playwright": {
      "version": "1.56.1",
      "resolved": "https://registry.npmjs.org/playwright/-/playwright-1.56.1.tgz",
      "integrity": "sha512-aFi5B0WovBHTEvpM3DzXTUaeN6eN0qWnTkKx4NQaH4Wvcmc153PdaY2UBdSYKaGYw+UyWXSVyxDUg5DoPEttjw==",
      "extraneous": true,
      "license": "Apache-2.0",
      "dependencies": {
        "playwright-core": "1.56.1"
      },
      "bin": {
        "playwright": "cli.js"
      },
      "engines": {
        "node": ">=18"
      },
      "optionalDependencies": {
        "fsevents": "2.3.2"
      }
    },
    "../../../private/private/tmp/eight-skills-productize-20261008/secureframe-ops/node_modules/playwright-core": {
      "version": "1.56.1",
      "resolved": "https://registry.npmjs.org/playwright-core/-/playwright-core-1.56.1.tgz",
      "integrity": "sha512-hutraynyn31F+Bifme+Ps9Vq59hKuUCz7H1kDOcBs+2oGguKkWTU50bBWrtz34OUWmIwpBTWDxaRPXrIXkgvmQ==",
      "extraneous": true,
      "license": "Apache-2.0",
      "bin": {
        "playwright-core": "cli.js"
      },
      "engines": {
        "node": ">=18"
      }
    },
    "../../../private/tmp/eight-skills-productize-20261008/secureframe-ops/node_modules/graphql": {
      "version": "17.0.2",
      "resolved": "https://registry.npmjs.org/graphql/-/graphql-17.0.2.tgz",
      "integrity": "sha512-FRWbddMxfkjiB7z+aQDWIR+E34xo9I8c9mtK2RPv8PmMzKRvrdsreHL/Ui/TmwHJfhHChEtsFPyMHKI+xuarQQ==",
      "license": "MIT",
      "engines": {
        "node": "^22.0.0 || ^24.0.0 || ^25.0.0 || >=26.0.0"
      }
    },
    "../../../private/tmp/eight-skills-productize-20261008/secureframe-ops/node_modules/playwright": {
      "version": "1.64.0",
      "resolved": "https://registry.npmjs.org/playwright/-/playwright-1.64.0.tgz",
      "integrity": "sha512-kVzTnYFYEyQ9RGzBjNCd2+yEqWmVbxl3AHPynv3qQ6JTjv4a+kwRcnqQwIpuP3NnrnIrE/Q6wWAIAvMfIE2/Yg==",
      "license": "Apache-2.0",
      "dependencies": {
        "playwright-core": "1.64.0"
      },
      "bin": {
        "playwright": "cli.js"
      },
      "engines": {
        "node": ">=20"
      }
    },
    "../../../private/tmp/eight-skills-productize-20261008/secureframe-ops/node_modules/playwright-core": {
      "version": "1.64.0",
      "resolved": "https://registry.npmjs.org/playwright-core/-/playwright-core-1.64.0.tgz",
      "integrity": "sha512-T9r+MZkTECl2+oUcZ26YgZzTrYidTsIhYYkJix+6iDOymOb1FB2RLLSOxRGnZGv5DStt+aduIVbt+E8WygXYpg==",
      "license": "Apache-2.0",
      "bin": {
        "playwright-core": "cli.js"
      },
      "engines": {
        "node": ">=20"
      }
    }
  }
}
